
Microsoft Visual Studio Solution File, Format Version 12.00
# Visual Studio Version 17
VisualStudioVersion = 17.0.31903.59
MinimumVisualStudioVersion = 10.0.40219.1
Project("{9A19103F-16F7-4668-BE54-9A1E7A4F7556}") = "Milky", "src\Milky\Milky.csproj", "{5247E1AD-B7C3-4CCD-9199-5D035EF33CF0}"
EndProject
Global
	GlobalSection(SolutionConfigurationPlatforms) = preSolution
		Debug|Any CPU = Debug|Any CPU
		Release|Any CPU = Release|Any CPU
	EndGlobalSection
	GlobalSection(ProjectConfigurationPlatforms) = postSolution
		{5247E1AD-B7C3-4CCD-9199-5D035EF33CF0}.Debug|Any CPU.ActiveCfg = Debug|Any CPU
		{5247E1AD-B7C3-4CCD-9199-5D035EF33CF0}.Debug|Any CPU.Build.0 = Debug|Any CPU
		{5247E1AD-B7C3-4CCD-9199-5D035EF33CF0}.Release|Any CPU.ActiveCfg = Release|Any CPU
		{5247E1AD-B7C3-4CCD-9199-5D035EF33CF0}.Release|Any CPU.Build.0 = Release|Any CPU
	EndGlobalSection
	GlobalSection(SolutionProperties) = preSolution
		HideSolutionNode = FALSE
	EndGlobalSection
	GlobalSection(ExtensibilityGlobals) = postSolution
		SolutionGuid = {9054B599-3956-4F69-B368-C13762CA8C6F}
	EndGlobalSection
EndGlobal
