
Microsoft Visual Studio Solution File, Format Version 12.00
# Visual Studio Version 16
VisualStudioVersion = 16.0.29503.13
MinimumVisualStudioVersion = 10.0.40219.1
Project("{FAE04EC0-301F-11D3-BF4B-00C04F79EFBC}") = "Milky", "src\Milky\Milky.csproj", "{4D71E1D9-B2DF-4825-8676-0992698EAED6}"
EndProject
Global
	GlobalSection(SolutionConfigurationPlatforms) = preSolution
		Debug|Any CPU = Debug|Any CPU
		Release|Any CPU = Release|Any CPU
	EndGlobalSection
	GlobalSection(ProjectConfigurationPlatforms) = postSolution
		{4D71E1D9-B2DF-4825-8676-0992698EAED6}.Debug|Any CPU.ActiveCfg = Debug|Any CPU
		{4D71E1D9-B2DF-4825-8676-0992698EAED6}.Debug|Any CPU.Build.0 = Debug|Any CPU
		{4D71E1D9-B2DF-4825-8676-0992698EAED6}.Release|Any CPU.ActiveCfg = Release|Any CPU
		{4D71E1D9-B2DF-4825-8676-0992698EAED6}.Release|Any CPU.Build.0 = Release|Any CPU
	EndGlobalSection
	GlobalSection(SolutionProperties) = preSolution
		HideSolutionNode = FALSE
	EndGlobalSection
	GlobalSection(ExtensibilityGlobals) = postSolution
		SolutionGuid = {B097D13A-74E9-461F-A0AF-66927651F166}
	EndGlobalSection
EndGlobal
